// !$*UTF8*$!
{
	archiveVersion = 1;
	classes = {
	};
	objectVersion = 46;
	objects = {

/* Begin PBXBuildFile section */
		7927C3F91C4E542900ACF0F4 /* main.m in Sources */ = {isa = PBXBuildFile; fileRef = 7927C3F81C4E542900ACF0F4 /* main.m */; };
		7927C3FC1C4E542900ACF0F4 /* AppDelegate.m in Sources */ = {isa = PBXBuildFile; fileRef = 7927C3FB1C4E542900ACF0F4 /* AppDelegate.m */; };
		7927C3FF1C4E542900ACF0F4 /* ViewController.m in Sources */ = {isa = PBXBuildFile; fileRef = 7927C3FE1C4E542900ACF0F4 /* ViewController.m */; };
		7927C4021C4E542900ACF0F4 /* Main.storyboard in Resources */ = {isa = PBXBuildFile; fileRef = 7927C4001C4E542900ACF0F4 /* Main.storyboard */; };
		7927C4041C4E542900ACF0F4 /* Assets.xcassets in Resources */ = {isa = PBXBuildFile; fileRef = 7927C4031C4E542900ACF0F4 /* Assets.xcassets */; };
		7927C4071C4E542900ACF0F4 /* LaunchScreen.storyboard in Resources */ = {isa = PBXBuildFile; fileRef = 7927C4051C4E542900ACF0F4 /* LaunchScreen.storyboard */; };
		7927C4121C4E542A00ACF0F4 /* PropertiesTestTests.m in Sources */ = {isa = PBXBuildFile; fileRef = 7927C4111C4E542A00ACF0F4 /* PropertiesTestTests.m */; };
		7927C41D1C4E542A00ACF0F4 /* PropertiesTestUITests.m in Sources */ = {isa = PBXBuildFile; fileRef = 7927C41C1C4E542A00ACF0F4 /* PropertiesTestUITests.m */; };
/* End PBXBuildFile section */

/* Begin PBXContainerItemProxy section */
		7927C40E1C4E542A00ACF0F4 /* PBXContainerItemProxy */ = {
			isa = PBXContainerItemProxy;
			containerPortal = 7927C3EC1C4E542900ACF0F4 /* Project object */;
			proxyType = 1;
			remoteGlobalIDString = 7927C3F31C4E542900ACF0F4;
			remoteInfo = PropertiesTest;
		};
		7927C4191C4E542A00ACF0F4 /* PBXContainerItemProxy */ = {
			isa = PBXContainerItemProxy;
			containerPortal = 7927C3EC1C4E542900ACF0F4 /* Project object */;
			proxyType = 1;
			remoteGlobalIDString = 7927C3F31C4E542900ACF0F4;
			remoteInfo = PropertiesTest;
		};
/* End PBXContainerItemProxy section */

/* Begin PBXFileReference section */
		7927C3F41C4E542900ACF0F4 /* PropertiesTest.app */ = {isa = PBXFileReference; explicitFileType = wrapper.application; includeInIndex = 0; path = PropertiesTest.app; sourceTree = BUILT_PRODUCTS_DIR; };
		7927C3F81C4E542900ACF0F4 /* main.m */ = {isa = PBXFileReference; lastKnownFileType = sourcecode.c.objc; path = main.m; sourceTree = "<group>"; };
		7927C3FA1C4E542900ACF0F4 /* AppDelegate.h */ = {isa = PBXFileReference; lastKnownFileType = sourcecode.c.h; path = AppDelegate.h; sourceTree = "<group>"; };
		7927C3FB1C4E542900ACF0F4 /* AppDelegate.m */ = {isa = PBXFileReference; lastKnownFileType = sourcecode.c.objc; path = AppDelegate.m; sourceTree = "<group>"; };
		7927C3FD1C4E542900ACF0F4 /* ViewController.h */ = {isa = PBXFileReference; lastKnownFileType = sourcecode.c.h; path = ViewController.h; sourceTree = "<group>"; };
		7927C3FE1C4E542900ACF0F4 /* ViewController.m */ = {isa = PBXFileReference; lastKnownFileType = sourcecode.c.objc; path = ViewController.m; sourceTree = "<group>"; };
		7927C4011C4E542900ACF0F4 /* Base */ = {isa = PBXFileReference; lastKnownFileType = file.storyboard; name = Base; path = Base.lproj/Main.storyboard; sourceTree = "<group>"; };
		7927C4031C4E542900ACF0F4 /* Assets.xcassets */ = {isa = PBXFileReference; lastKnownFileType = folder.assetcatalog; path = Assets.xcassets; sourceTree = "<group>"; };
		7927C4061C4E542900ACF0F4 /* Base */ = {isa = PBXFileReference; lastKnownFileType = file.storyboard; name = Base; path = Base.lproj/LaunchScreen.storyboard; sourceTree = "<group>"; };
		7927C4081C4E542900ACF0F4 /* Info.plist */ = {isa = PBXFileReference; lastKnownFileType = text.plist.xml; path = Info.plist; sourceTree = "<group>"; };
		7927C40D1C4E542A00ACF0F4 /* PropertiesTestTests.xctest */ = {isa = PBXFileReference; explicitFileType = wrapper.cfbundle; includeInIndex = 0; path = PropertiesTestTests.xctest; sourceTree = BUILT_PRODUCTS_DIR; };
		7927C4111C4E542A00ACF0F4 /* PropertiesTestTests.m */ = {isa = PBXFileReference; lastKnownFileType = sourcecode.c.objc; path = PropertiesTestTests.m; sourceTree = "<group>"; };
		7927C4131C4E542A00ACF0F4 /* Info.plist */ = {isa = PBXFileReference; lastKnownFileType = text.plist.xml; path = Info.plist; sourceTree = "<group>"; };
		7927C4181C4E542A00ACF0F4 /* PropertiesTestUITests.xctest */ = {isa = PBXFileReference; explicitFileType = wrapper.cfbundle; includeInIndex = 0; path = PropertiesTestUITests.xctest; sourceTree = BUILT_PRODUCTS_DIR; };
		7927C41C1C4E542A00ACF0F4 /* PropertiesTestUITests.m */ = {isa = PBXFileReference; lastKnownFileType = sourcecode.c.objc; path = PropertiesTestUITests.m; sourceTree = "<group>"; };
		7927C41E1C4E542A00ACF0F4 /* Info.plist */ = {isa = PBXFileReference; lastKnownFileType = text.plist.xml; path = Info.plist; sourceTree = "<group>"; };
/* End PBXFileReference section */

/* Begin PBXFrameworksBuildPhase section */
		7927C3F11C4E542900ACF0F4 /* Frameworks */ = {
			isa = PBXFrameworksBuildPhase;
			buildActionMask = 2147483647;
			files = (
			);
			runOnlyForDeploymentPostprocessing = 0;
		};
		7927C40A1C4E542A00ACF0F4 /* Frameworks */ = {
			isa = PBXFrameworksBuildPhase;
			buildActionMask = 2147483647;
			files = (
			);
			runOnlyForDeploymentPostprocessing = 0;
		};
		7927C4151C4E542A00ACF0F4 /* Frameworks */ = {
			isa = PBXFrameworksBuildPhase;
			buildActionMask = 2147483647;
			files = (
			);
			runOnlyForDeploymentPostprocessing = 0;
		};
/* End PBXFrameworksBuildPhase section */

/* Begin PBXGroup section */
		7927C3EB1C4E542900ACF0F4 = {
			isa = PBXGroup;
			children = (
				7927C3F61C4E542900ACF0F4 /* PropertiesTest */,
				7927C4101C4E542A00ACF0F4 /* PropertiesTestTests */,
				7927C41B1C4E542A00ACF0F4 /* PropertiesTestUITests */,
				7927C3F51C4E542900ACF0F4 /* Products */,
			);
			sourceTree = "<group>";
		};
		7927C3F51C4E542900ACF0F4 /* Products */ = {
			isa = PBXGroup;
			children = (
				7927C3F41C4E542900ACF0F4 /* PropertiesTest.app */,
				7927C40D1C4E542A00ACF0F4 /* PropertiesTestTests.xctest */,
				7927C4181C4E542A00ACF0F4 /* PropertiesTestUITests.xctest */,
			);
			name = Products;
			sourceTree = "<group>";
		};
		7927C3F61C4E542900ACF0F4 /* PropertiesTest */ = {
			isa = PBXGroup;
			children = (
				7927C3FA1C4E542900ACF0F4 /* AppDelegate.h */,
				7927C3FB1C4E542900ACF0F4 /* AppDelegate.m */,
				7927C3FD1C4E542900ACF0F4 /* ViewController.h */,
				7927C3FE1C4E542900ACF0F4 /* ViewController.m */,
				7927C4001C4E542900ACF0F4 /* Main.storyboard */,
				7927C4031C4E542900ACF0F4 /* Assets.xcassets */,
				7927C4051C4E542900ACF0F4 /* LaunchScreen.storyboard */,
				7927C4081C4E542900ACF0F4 /* Info.plist */,
				7927C3F71C4E542900ACF0F4 /* Supporting Files */,
			);
			path = PropertiesTest;
			sourceTree = "<group>";
		};
		7927C3F71C4E542900ACF0F4 /* Supporting Files */ = {
			isa = PBXGroup;
			children = (
				7927C3F81C4E542900ACF0F4 /* main.m */,
			);
			name = "Supporting Files";
			sourceTree = "<group>";
		};
		7927C4101C4E542A00ACF0F4 /* PropertiesTestTests */ = {
			isa = PBXGroup;
			children = (
				7927C4111C4E542A00ACF0F4 /* PropertiesTestTests.m */,
				7927C4131C4E542A00ACF0F4 /* Info.plist */,
			);
			path = PropertiesTestTests;
			sourceTree = "<group>";
		};
		7927C41B1C4E542A00ACF0F4 /* PropertiesTestUITests */ = {
			isa = PBXGroup;
			children = (
				7927C41C1C4E542A00ACF0F4 /* PropertiesTestUITests.m */,
				7927C41E1C4E542A00ACF0F4 /* Info.plist */,
			);
			path = PropertiesTestUITests;
			sourceTree = "<group>";
		};
/* End PBXGroup section */

/* Begin PBXNativeTarget section */
		7927C3F31C4E542900ACF0F4 /* PropertiesTest */ = {
			isa = PBXNativeTarget;
			buildConfigurationList = 7927C4211C4E542A00ACF0F4 /* Build configuration list for PBXNativeTarget "PropertiesTest" */;
			buildPhases = (
				7927C3F01C4E542900ACF0F4 /* Sources */,
				7927C3F11C4E542900ACF0F4 /* Frameworks */,
				7927C3F21C4E542900ACF0F4 /* Resources */,
			);
			buildRules = (
			);
			dependencies = (
			);
			name = PropertiesTest;
			productName = PropertiesTest;
			productReference = 7927C3F41C4E542900ACF0F4 /* PropertiesTest.app */;
			productType = "com.apple.product-type.application";
		};
		7927C40C1C4E542A00ACF0F4 /* PropertiesTestTests */ = {
			isa = PBXNativeTarget;
			buildConfigurationList = 7927C4241C4E542A00ACF0F4 /* Build configuration list for PBXNativeTarget "PropertiesTestTests" */;
			buildPhases = (
				7927C4091C4E542A00ACF0F4 /* Sources */,
				7927C40A1C4E542A00ACF0F4 /* Frameworks */,
				7927C40B1C4E542A00ACF0F4 /* Resources */,
			);
			buildRules = (
			);
			dependencies = (
				7927C40F1C4E542A00ACF0F4 /* PBXTargetDependency */,
			);
			name = PropertiesTestTests;
			productName = PropertiesTestTests;
			productReference = 7927C40D1C4E542A00ACF0F4 /* PropertiesTestTests.xctest */;
			productType = "com.apple.product-type.bundle.unit-test";
		};
		7927C4171C4E542A00ACF0F4 /* PropertiesTestUITests */ = {
			isa = PBXNativeTarget;
			buildConfigurationList = 7927C4271C4E542A00ACF0F4 /* Build configuration list for PBXNativeTarget "PropertiesTestUITests" */;
			buildPhases = (
				7927C4141C4E542A00ACF0F4 /* Sources */,
				7927C4151C4E542A00ACF0F4 /* Frameworks */,
				7927C4161C4E542A00ACF0F4 /* Resources */,
			);
			buildRules = (
			);
			dependencies = (
				7927C41A1C4E542A00ACF0F4 /* PBXTargetDependency */,
			);
			name = PropertiesTestUITests;
			productName = PropertiesTestUITests;
			productReference = 7927C4181C4E542A00ACF0F4 /* PropertiesTestUITests.xctest */;
			productType = "com.apple.product-type.bundle.ui-testing";
		};
/* End PBXNativeTarget section */

/* Begin PBXProject section */
		7927C3EC1C4E542900ACF0F4 /* Project object */ = {
			isa = PBXProject;
			attributes = {
				LastUpgradeCheck = 0720;
				ORGANIZATIONNAME = Stas;
				TargetAttributes = {
					7927C3F31C4E542900ACF0F4 = {
						CreatedOnToolsVersion = 7.2;
						DevelopmentTeam = 3PTYV272Z4;
					};
					7927C40C1C4E542A00ACF0F4 = {
						CreatedOnToolsVersion = 7.2;
						DevelopmentTeam = 3PTYV272Z4;
						TestTargetID = 7927C3F31C4E542900ACF0F4;
					};
					7927C4171C4E542A00ACF0F4 = {
						CreatedOnToolsVersion = 7.2;
						DevelopmentTeam = 3PTYV272Z4;
						TestTargetID = 7927C3F31C4E542900ACF0F4;
					};
				};
			};
			buildConfigurationList = 7927C3EF1C4E542900ACF0F4 /* Build configuration list for PBXProject "PropertiesTest" */;
			compatibilityVersion = "Xcode 3.2";
			developmentRegion = English;
			hasScannedForEncodings = 0;
			knownRegions = (
				en,
				Base,
			);
			mainGroup = 7927C3EB1C4E542900ACF0F4;
			productRefGroup = 7927C3F51C4E542900ACF0F4 /* Products */;
			projectDirPath = "";
			projectRoot = "";
			targets = (
				7927C3F31C4E542900ACF0F4 /* PropertiesTest */,
				7927C40C1C4E542A00ACF0F4 /* PropertiesTestTests */,
				7927C4171C4E542A00ACF0F4 /* PropertiesTestUITests */,
			);
		};
/* End PBXProject section */

/* Begin PBXResourcesBuildPhase section */
		7927C3F21C4E542900ACF0F4 /* Resources */ = {
			isa = PBXResourcesBuildPhase;
			buildActionMask = 2147483647;
			files = (
				7927C4071C4E542900ACF0F4 /* LaunchScreen.storyboard in Resources */,
				7927C4041C4E542900ACF0F4 /* Assets.xcassets in Resources */,
				7927C4021C4E542900ACF0F4 /* Main.storyboard in Resources */,
			);
			runOnlyForDeploymentPostprocessing = 0;
		};
		7927C40B1C4E542A00ACF0F4 /* Resources */ = {
			isa = PBXResourcesBuildPhase;
			buildActionMask = 2147483647;
			files = (
			);
			runOnlyForDeploymentPostprocessing = 0;
		};
		7927C4161C4E542A00ACF0F4 /* Resources */ = {
			isa = PBXResourcesBuildPhase;
			buildActionMask = 2147483647;
			files = (
			);
			runOnlyForDeploymentPostprocessing = 0;
		};
/* End PBXResourcesBuildPhase section */

/* Begin PBXSourcesBuildPhase section */
		7927C3F01C4E542900ACF0F4 /* Sources */ = {
			isa = PBXSourcesBuildPhase;
			buildActionMask = 2147483647;
			files = (
				7927C3FF1C4E542900ACF0F4 /* ViewController.m in Sources */,
				7927C3FC1C4E542900ACF0F4 /* AppDelegate.m in Sources */,
				7927C3F91C4E542900ACF0F4 /* main.m in Sources */,
			);
			runOnlyForDeploymentPostprocessing = 0;
		};
		7927C4091C4E542A00ACF0F4 /* Sources */ = {
			isa = PBXSourcesBuildPhase;
			buildActionMask = 2147483647;
			files = (
				7927C4121C4E542A00ACF0F4 /* PropertiesTestTests.m in Sources */,
			);
			runOnlyForDeploymentPostprocessing = 0;
		};
		7927C4141C4E542A00ACF0F4 /* Sources */ = {
			isa = PBXSourcesBuildPhase;
			buildActionMask = 2147483647;
			files = (
				7927C41D1C4E542A00ACF0F4 /* PropertiesTestUITests.m in Sources */,
			);
			runOnlyForDeploymentPostprocessing = 0;
		};
/* End PBXSourcesBuildPhase section */

/* Begin PBXTargetDependency section */
		7927C40F1C4E542A00ACF0F4 /* PBXTargetDependency */ = {
			isa = PBXTargetDependency;
			target = 7927C3F31C4E542900ACF0F4 /* PropertiesTest */;
			targetProxy = 7927C40E1C4E542A00ACF0F4 /* PBXContainerItemProxy */;
		};
		7927C41A1C4E542A00ACF0F4 /* PBXTargetDependency */ = {
			isa = PBXTargetDependency;
			target = 7927C3F31C4E542900ACF0F4 /* PropertiesTest */;
			targetProxy = 7927C4191C4E542A00ACF0F4 /* PBXContainerItemProxy */;
		};
/* End PBXTargetDependency section */

/* Begin PBXVariantGroup section */
		7927C4001C4E542900ACF0F4 /* Main.storyboard */ = {
			isa = PBXVariantGroup;
			children = (
				7927C4011C4E542900ACF0F4 /* Base */,
			);
			name = Main.storyboard;
			sourceTree = "<group>";
		};
		7927C4051C4E542900ACF0F4 /* LaunchScreen.storyboard */ = {
			isa = PBXVariantGroup;
			children = (
				7927C4061C4E542900ACF0F4 /* Base */,
			);
			name = LaunchScreen.storyboard;
			sourceTree = "<group>";
		};
/* End PBXVariantGroup section */

/* Begin XCBuildConfiguration section */
		7927C41F1C4E542A00ACF0F4 /* Debug */ = {
			isa = XCBuildConfiguration;
			buildSettings = {
				ALWAYS_SEARCH_USER_PATHS = NO;
				CLANG_CXX_LANGUAGE_STANDARD = "gnu++0x";
				CLANG_CXX_LIBRARY = "libc++";
				CLANG_ENABLE_MODULES = YES;
				CLANG_ENABLE_OBJC_ARC = YES;
				CLANG_WARN_BOOL_CONVERSION = YES;
				CLANG_WARN_CONSTANT_CONVERSION = YES;
				CLANG_WARN_DIRECT_OBJC_ISA_USAGE = YES_ERROR;
				CLANG_WARN_EMPTY_BODY = YES;
				CLANG_WARN_ENUM_CONVERSION = YES;
				CLANG_WARN_INT_CONVERSION = YES;
				CLANG_WARN_OBJC_ROOT_CLASS = YES_ERROR;
				CLANG_WARN_UNREACHABLE_CODE = YES;
				CLANG_WARN__DUPLICATE_METHOD_MATCH = YES;
				"CODE_SIGN_IDENTITY[sdk=iphoneos*]" = "iPhone Developer";
				COPY_PHASE_STRIP = NO;
				DEBUG_INFORMATION_FORMAT = dwarf;
				ENABLE_STRICT_OBJC_MSGSEND = YES;
				ENABLE_TESTABILITY = YES;
				GCC_C_LANGUAGE_STANDARD = gnu99;
				GCC_DYNAMIC_NO_PIC = NO;
				GCC_NO_COMMON_BLOCKS = YES;
				GCC_OPTIMIZATION_LEVEL = 0;
				GCC_PREPROCESSOR_DEFINITIONS = (
					"DEBUG=1",
					"$(inherited)",
				);
				GCC_WARN_64_TO_32_BIT_CONVERSION = YES;
				GCC_WARN_ABOUT_RETURN_TYPE = YES_ERROR;
				GCC_WARN_UNDECLARED_SELECTOR = YES;
				GCC_WARN_UNINITIALIZED_AUTOS = YES_AGGRESSIVE;
				GCC_WARN_UNUSED_FUNCTION = YES;
				GCC_WARN_UNUSED_VARIABLE = YES;
				IPHONEOS_DEPLOYMENT_TARGET = 9.2;
				MTL_ENABLE_DEBUG_INFO = YES;
				ONLY_ACTIVE_ARCH = YES;
				SDKROOT = iphoneos;
			};
			name = Debug;
		};
		7927C4201C4E542A00ACF0F4 /* Release */ = {
			isa = XCBuildConfiguration;
			buildSettings = {
				ALWAYS_SEARCH_USER_PATHS = NO;
				CLANG_CXX_LANGUAGE_STANDARD = "gnu++0x";
				CLANG_CXX_LIBRARY = "libc++";
				CLANG_ENABLE_MODULES = YES;
				CLANG_ENABLE_OBJC_ARC = YES;
				CLANG_WARN_BOOL_CONVERSION = YES;
				CLANG_WARN_CONSTANT_CONVERSION = YES;
				CLANG_WARN_DIRECT_OBJC_ISA_USAGE = YES_ERROR;
				CLANG_WARN_EMPTY_BODY = YES;
				CLANG_WARN_ENUM_CONVERSION = YES;
				CLANG_WARN_INT_CONVERSION = YES;
				CLANG_WARN_OBJC_ROOT_CLASS = YES_ERROR;
				CLANG_WARN_UNREACHABLE_CODE = YES;
				CLANG_WARN__DUPLICATE_METHOD_MATCH = YES;
				"CODE_SIGN_IDENTITY[sdk=iphoneos*]" = "iPhone Developer";
				COPY_PHASE_STRIP = NO;
				DEBUG_INFORMATION_FORMAT = "dwarf-with-dsym";
				ENABLE_NS_ASSERTIONS = NO;
				ENABLE_STRICT_OBJC_MSGSEND = YES;
				GCC_C_LANGUAGE_STANDARD = gnu99;
				GCC_NO_COMMON_BLOCKS = YES;
				GCC_WARN_64_TO_32_BIT_CONVERSION = YES;
				GCC_WARN_ABOUT_RETURN_TYPE = YES_ERROR;
				GCC_WARN_UNDECLARED_SELECTOR = YES;
				GCC_WARN_UNINITIALIZED_AUTOS = YES_AGGRESSIVE;
				GCC_WARN_UNUSED_FUNCTION = YES;
				GCC_WARN_UNUSED_VARIABLE = YES;
				IPHONEOS_DEPLOYMENT_TARGET = 9.2;
				MTL_ENABLE_DEBUG_INFO = NO;
				SDKROOT = iphoneos;
				VALIDATE_PRODUCT = YES;
			};
			name = Release;
		};
		7927C4221C4E542A00ACF0F4 /* Debug */ = {
			isa = XCBuildConfiguration;
			buildSettings = {
				ASSETCATALOG_COMPILER_APPICON_NAME = AppIcon;
				INFOPLIST_FILE = PropertiesTest/Info.plist;
				LD_RUNPATH_SEARCH_PATHS = "$(inherited) @executable_path/Frameworks";
				PRODUCT_BUNDLE_IDENTIFIER = "Stnislav-Shiyanovskiy.PropertiesTest";
				PRODUCT_NAME = "$(TARGET_NAME)";
			};
			name = Debug;
		};
		7927C4231C4E542A00ACF0F4 /* Release */ = {
			isa = XCBuildConfiguration;
			buildSettings = {
				ASSETCATALOG_COMPILER_APPICON_NAME = AppIcon;
				INFOPLIST_FILE = PropertiesTest/Info.plist;
				LD_RUNPATH_SEARCH_PATHS = "$(inherited) @executable_path/Frameworks";
				PRODUCT_BUNDLE_IDENTIFIER = "Stnislav-Shiyanovskiy.PropertiesTest";
				PRODUCT_NAME = "$(TARGET_NAME)";
			};
			name = Release;
		};
		7927C4251C4E542A00ACF0F4 /* Debug */ = {
			isa = XCBuildConfiguration;
			buildSettings = {
				BUNDLE_LOADER = "$(TEST_HOST)";
				INFOPLIST_FILE = PropertiesTestTests/Info.plist;
				LD_RUNPATH_SEARCH_PATHS = "$(inherited) @executable_path/Frameworks @loader_path/Frameworks";
				PRODUCT_BUNDLE_IDENTIFIER = "Stnislav-Shiyanovskiy.PropertiesTestTests";
				PRODUCT_NAME = "$(TARGET_NAME)";
				TEST_HOST = "$(BUILT_PRODUCTS_DIR)/PropertiesTest.app/PropertiesTest";
			};
			name = Debug;
		};
		7927C4261C4E542A00ACF0F4 /* Release */ = {
			isa = XCBuildConfiguration;
			buildSettings = {
				BUNDLE_LOADER = "$(TEST_HOST)";
				INFOPLIST_FILE = PropertiesTestTests/Info.plist;
				LD_RUNPATH_SEARCH_PATHS = "$(inherited) @executable_path/Frameworks @loader_path/Frameworks";
				PRODUCT_BUNDLE_IDENTIFIER = "Stnislav-Shiyanovskiy.PropertiesTestTests";
				PRODUCT_NAME = "$(TARGET_NAME)";
				TEST_HOST = "$(BUILT_PRODUCTS_DIR)/PropertiesTest.app/PropertiesTest";
			};
			name = Release;
		};
		7927C4281C4E542A00ACF0F4 /* Debug */ = {
			isa = XCBuildConfiguration;
			buildSettings = {
				INFOPLIST_FILE = PropertiesTestUITests/Info.plist;
				LD_RUNPATH_SEARCH_PATHS = "$(inherited) @executable_path/Frameworks @loader_path/Frameworks";
				PRODUCT_BUNDLE_IDENTIFIER = "Stnislav-Shiyanovskiy.PropertiesTestUITests";
				PRODUCT_NAME = "$(TARGET_NAME)";
				TEST_TARGET_NAME = PropertiesTest;
				USES_XCTRUNNER = YES;
			};
			name = Debug;
		};
		7927C4291C4E542A00ACF0F4 /* Release */ = {
			isa = XCBuildConfiguration;
			buildSettings = {
				INFOPLIST_FILE = PropertiesTestUITests/Info.plist;
				LD_RUNPATH_SEARCH_PATHS = "$(inherited) @executable_path/Frameworks @loader_path/Frameworks";
				PRODUCT_BUNDLE_IDENTIFIER = "Stnislav-Shiyanovskiy.PropertiesTestUITests";
				PRODUCT_NAME = "$(TARGET_NAME)";
				TEST_TARGET_NAME = PropertiesTest;
				USES_XCTRUNNER = YES;
			};
			name = Release;
		};
/* End XCBuildConfiguration section */

/* Begin XCConfigurationList section */
		7927C3EF1C4E542900ACF0F4 /* Build configuration list for PBXProject "PropertiesTest" */ = {
			isa = XCConfigurationList;
			buildConfigurations = (
				7927C41F1C4E542A00ACF0F4 /* Debug */,
				7927C4201C4E542A00ACF0F4 /* Release */,
			);
			defaultConfigurationIsVisible = 0;
			defaultConfigurationName = Release;
		};
		7927C4211C4E542A00ACF0F4 /* Build configuration list for PBXNativeTarget "PropertiesTest" */ = {
			isa = XCConfigurationList;
			buildConfigurations = (
				7927C4221C4E542A00ACF0F4 /* Debug */,
				7927C4231C4E542A00ACF0F4 /* Release */,
			);
			defaultConfigurationIsVisible = 0;
		};
		7927C4241C4E542A00ACF0F4 /* Build configuration list for PBXNativeTarget "PropertiesTestTests" */ = {
			isa = XCConfigurationList;
			buildConfigurations = (
				7927C4251C4E542A00ACF0F4 /* Debug */,
				7927C4261C4E542A00ACF0F4 /* Release */,
			);
			defaultConfigurationIsVisible = 0;
		};
		7927C4271C4E542A00ACF0F4 /* Build configuration list for PBXNativeTarget "PropertiesTestUITests" */ = {
			isa = XCConfigurationList;
			buildConfigurations = (
				7927C4281C4E542A00ACF0F4 /* Debug */,
				7927C4291C4E542A00ACF0F4 /* Release */,
			);
			defaultConfigurationIsVisible = 0;
		};
/* End XCConfigurationList section */
	};
	rootObject = 7927C3EC1C4E542900ACF0F4 /* Project object */;
}
